
Microsoft Visual Studio Solution File, Format Version 12.00
# Visual Studio 15
Project("{FAE04EC0-301F-11D3-BF4B-00C04F79EFBC}") = "Assembly-CSharp", "Assembly-CSharp.csproj", "{648826AE-C952-2993-95EB-349229266835}"
EndProject
Project("{FAE04EC0-301F-11D3-BF4B-00C04F79EFBC}") = "Assembly-CSharp-Editor", "Assembly-CSharp-Editor.csproj", "{657B2104-3B3E-8C43-CCC1-54E2AE47707F}"
EndProject
Global
	GlobalSection(SolutionConfigurationPlatforms) = preSolution
		Debug|Any CPU = Debug|Any CPU
		Release|Any CPU = Release|Any CPU
	EndGlobalSection
	GlobalSection(ProjectConfigurationPlatforms) = postSolution
		{648826AE-C952-2993-95EB-349229266835}.Debug|Any CPU.ActiveCfg = Debug|Any CPU
		{648826AE-C952-2993-95EB-349229266835}.Debug|Any CPU.Build.0 = Debug|Any CPU
		{648826AE-C952-2993-95EB-349229266835}.Release|Any CPU.ActiveCfg = Release|Any CPU
		{648826AE-C952-2993-95EB-349229266835}.Release|Any CPU.Build.0 = Release|Any CPU
		{657B2104-3B3E-8C43-CCC1-54E2AE47707F}.Debug|Any CPU.ActiveCfg = Debug|Any CPU
		{657B2104-3B3E-8C43-CCC1-54E2AE47707F}.Debug|Any CPU.Build.0 = Debug|Any CPU
		{657B2104-3B3E-8C43-CCC1-54E2AE47707F}.Release|Any CPU.ActiveCfg = Release|Any CPU
		{657B2104-3B3E-8C43-CCC1-54E2AE47707F}.Release|Any CPU.Build.0 = Release|Any CPU
	EndGlobalSection
	GlobalSection(SolutionProperties) = preSolution
		HideSolutionNode = FALSE
	EndGlobalSection
EndGlobal
